
Microsoft Visual Studio Solution File, Format Version 12.00
# Visual Studio Version 17
VisualStudioVersion = 17.5.33414.496
MinimumVisualStudioVersion = 10.0.40219.1
Project("{FAE04EC0-301F-11D3-BF4B-00C04F79EFBC}") = "GraphicsGeometry", "GraphicsGeometry\GraphicsGeometry.csproj", "{9633CB4B-B133-4F33-9359-29D0E94BA57B}"
EndProject
Project("{FAE04EC0-301F-11D3-BF4B-00C04F79EFBC}") = "GGLibrary", "GGLibrary\GGLibrary.csproj", "{3E388274-8BAB-4F92-9F2D-7907857C8292}"
EndProject
Project("{FAE04EC0-301F-11D3-BF4B-00C04F79EFBC}") = "UnitTestGG", "UnitTestGG\UnitTestGG.csproj", "{C6256259-16F8-4EDC-9BDF-34E3EE880C79}"
EndProject
Global
	GlobalSection(SolutionConfigurationPlatforms) = preSolution
		Debug|Any CPU = Debug|Any CPU
		Release|Any CPU = Release|Any CPU
	EndGlobalSection
	GlobalSection(ProjectConfigurationPlatforms) = postSolution
		{9633CB4B-B133-4F33-9359-29D0E94BA57B}.Debug|Any CPU.ActiveCfg = Debug|Any CPU
		{9633CB4B-B133-4F33-9359-29D0E94BA57B}.Debug|Any CPU.Build.0 = Debug|Any CPU
		{9633CB4B-B133-4F33-9359-29D0E94BA57B}.Release|Any CPU.ActiveCfg = Release|Any CPU
		{9633CB4B-B133-4F33-9359-29D0E94BA57B}.Release|Any CPU.Build.0 = Release|Any CPU
		{3E388274-8BAB-4F92-9F2D-7907857C8292}.Debug|Any CPU.ActiveCfg = Debug|Any CPU
		{3E388274-8BAB-4F92-9F2D-7907857C8292}.Debug|Any CPU.Build.0 = Debug|Any CPU
		{3E388274-8BAB-4F92-9F2D-7907857C8292}.Release|Any CPU.ActiveCfg = Release|Any CPU
		{3E388274-8BAB-4F92-9F2D-7907857C8292}.Release|Any CPU.Build.0 = Release|Any CPU
		{C6256259-16F8-4EDC-9BDF-34E3EE880C79}.Debug|Any CPU.ActiveCfg = Debug|Any CPU
		{C6256259-16F8-4EDC-9BDF-34E3EE880C79}.Debug|Any CPU.Build.0 = Debug|Any CPU
		{C6256259-16F8-4EDC-9BDF-34E3EE880C79}.Release|Any CPU.ActiveCfg = Release|Any CPU
		{C6256259-16F8-4EDC-9BDF-34E3EE880C79}.Release|Any CPU.Build.0 = Release|Any CPU
	EndGlobalSection
	GlobalSection(SolutionProperties) = preSolution
		HideSolutionNode = FALSE
	EndGlobalSection
	GlobalSection(ExtensibilityGlobals) = postSolution
		SolutionGuid = {7963C695-F755-4C76-BDD3-4DC1926DBFAB}
	EndGlobalSection
EndGlobal
